
Microsoft Visual Studio Solution File, Format Version 12.00
# Visual Studio Version 17
VisualStudioVersion = 17.3.32929.385
MinimumVisualStudioVersion = 10.0.40219.1
Project("{9A19103F-16F7-4668-BE54-9A1E7A4F7556}") = "MystatDesktopWpf", "MystatDesktopWpf\MystatDesktopWpf.csproj", "{568FDD59-808F-41B1-9F8E-A3B3D085834C}"
EndProject
Project("{9A19103F-16F7-4668-BE54-9A1E7A4F7556}") = "MystatAPI", "mystatapi-cs\MystatAPI\MystatAPI.csproj", "{922C1430-7970-4E70-9674-ABCFC06A3C0C}"
EndProject
Global
	GlobalSection(SolutionConfigurationPlatforms) = preSolution
		Debug|Any CPU = Debug|Any CPU
		Release|Any CPU = Release|Any CPU
	EndGlobalSection
	GlobalSection(ProjectConfigurationPlatforms) = postSolution
		{568FDD59-808F-41B1-9F8E-A3B3D085834C}.Debug|Any CPU.ActiveCfg = Debug|Any CPU
		{568FDD59-808F-41B1-9F8E-A3B3D085834C}.Debug|Any CPU.Build.0 = Debug|Any CPU
		{568FDD59-808F-41B1-9F8E-A3B3D085834C}.Release|Any CPU.ActiveCfg = Release|Any CPU
		{568FDD59-808F-41B1-9F8E-A3B3D085834C}.Release|Any CPU.Build.0 = Release|Any CPU
		{922C1430-7970-4E70-9674-ABCFC06A3C0C}.Debug|Any CPU.ActiveCfg = Debug|Any CPU
		{922C1430-7970-4E70-9674-ABCFC06A3C0C}.Debug|Any CPU.Build.0 = Debug|Any CPU
		{922C1430-7970-4E70-9674-ABCFC06A3C0C}.Release|Any CPU.ActiveCfg = Release|Any CPU
		{922C1430-7970-4E70-9674-ABCFC06A3C0C}.Release|Any CPU.Build.0 = Release|Any CPU
	EndGlobalSection
	GlobalSection(SolutionProperties) = preSolution
		HideSolutionNode = FALSE
	EndGlobalSection
	GlobalSection(ExtensibilityGlobals) = postSolution
		SolutionGuid = {05611321-09C2-4EDF-B51F-36AA98324A1C}
	EndGlobalSection
EndGlobal
